// !$*UTF8*$!
{
	archiveVersion = 1;
	classes = {
	};
	objectVersion = 46;
	objects = {

/* Begin PBXBuildFile section */
		20D87FC74268CBBE4AC23645 /* Pods_BabylonHealthDemo.framework in Frameworks */ = {isa = PBXBuildFile; fileRef = 0E258F6C38B2D49DA61D2F64 /* Pods_BabylonHealthDemo.framework */; };
		B462A1221E2683C100BC518D /* MockLoader.swift in Sources */ = {isa = PBXBuildFile; fileRef = B462A1211E2683C100BC518D /* MockLoader.swift */; };
		B462A12A1E26882B00BC518D /* Post.json in Resources */ = {isa = PBXBuildFile; fileRef = B462A1291E26882B00BC518D /* Post.json */; };
		B462A12C1E26886000BC518D /* PostSpec.swift in Sources */ = {isa = PBXBuildFile; fileRef = B462A12B1E26886000BC518D /* PostSpec.swift */; };
		D705271A8533131DD44FFA9A /* Pods_BabylonHealthDemoTests.framework in Frameworks */ = {isa = PBXBuildFile; fileRef = 860BA1EEDF4E992C4C120E99 /* Pods_BabylonHealthDemoTests.framework */; };
		F709A87C1E25F3F600EBF35D /* BabylonAPIManager.swift in Sources */ = {isa = PBXBuildFile; fileRef = F709A87B1E25F3F600EBF35D /* BabylonAPIManager.swift */; };
		F709A87F1E26043A00EBF35D /* Post.swift in Sources */ = {isa = PBXBuildFile; fileRef = F709A87E1E26043A00EBF35D /* Post.swift */; };
		F709A8821E2608DC00EBF35D /* User.swift in Sources */ = {isa = PBXBuildFile; fileRef = F709A8811E2608DC00EBF35D /* User.swift */; };
		F709A8841E2609B200EBF35D /* Address.swift in Sources */ = {isa = PBXBuildFile; fileRef = F709A8831E2609B200EBF35D /* Address.swift */; };
		F709A8861E2609C000EBF35D /* Company.swift in Sources */ = {isa = PBXBuildFile; fileRef = F709A8851E2609C000EBF35D /* Company.swift */; };
		F709A8881E260A5800EBF35D /* Geo.swift in Sources */ = {isa = PBXBuildFile; fileRef = F709A8871E260A5800EBF35D /* Geo.swift */; };
		F709A88A1E260C4000EBF35D /* ItemsTableViewDatasource.swift in Sources */ = {isa = PBXBuildFile; fileRef = F709A8891E260C4000EBF35D /* ItemsTableViewDatasource.swift */; };
		F709A88C1E260CB700EBF35D /* PostDatasource.swift in Sources */ = {isa = PBXBuildFile; fileRef = F709A88B1E260CB700EBF35D /* PostDatasource.swift */; };
		F709A88F1E260D9200EBF35D /* PostCell.swift in Sources */ = {isa = PBXBuildFile; fileRef = F709A88D1E260D9200EBF35D /* PostCell.swift */; };
		F709A8901E260D9200EBF35D /* PostCell.xib in Resources */ = {isa = PBXBuildFile; fileRef = F709A88E1E260D9200EBF35D /* PostCell.xib */; };
		F779C3751E25ECCF008BBB2A /* AppDelegate.swift in Sources */ = {isa = PBXBuildFile; fileRef = F779C36A1E25ECCF008BBB2A /* AppDelegate.swift */; };
		F779C3761E25ECCF008BBB2A /* Assets.xcassets in Resources */ = {isa = PBXBuildFile; fileRef = F779C36F1E25ECCF008BBB2A /* Assets.xcassets */; };
		F779C3771E25ECCF008BBB2A /* LaunchScreen.storyboard in Resources */ = {isa = PBXBuildFile; fileRef = F779C3701E25ECCF008BBB2A /* LaunchScreen.storyboard */; };
		F779C3781E25ECCF008BBB2A /* Main.storyboard in Resources */ = {isa = PBXBuildFile; fileRef = F779C3721E25ECCF008BBB2A /* Main.storyboard */; };
		F779C37B1E25ED9E008BBB2A /* BabylonAPI.swift in Sources */ = {isa = PBXBuildFile; fileRef = F779C37A1E25ED9E008BBB2A /* BabylonAPI.swift */; };
		F7896B6D1E265C0000AC686B /* PostController.swift in Sources */ = {isa = PBXBuildFile; fileRef = F7896B6C1E265C0000AC686B /* PostController.swift */; };
		F7B4B9D11E27547400EB6A18 /* PostDatasourcesSpec.swift in Sources */ = {isa = PBXBuildFile; fileRef = F7B4B9D01E27547400EB6A18 /* PostDatasourcesSpec.swift */; };
		F7B4B9D71E27603100EB6A18 /* PostDetailController.swift in Sources */ = {isa = PBXBuildFile; fileRef = F7B4B9D61E27603100EB6A18 /* PostDetailController.swift */; };
		F7B4B9DC1E27633000EB6A18 /* Storyboard.swift in Sources */ = {isa = PBXBuildFile; fileRef = F7B4B9DB1E27633000EB6A18 /* Storyboard.swift */; };
		F7B4B9DF1E27664600EB6A18 /* PostControllerSpec.swift in Sources */ = {isa = PBXBuildFile; fileRef = F7B4B9DE1E27664600EB6A18 /* PostControllerSpec.swift */; };
/* End PBXBuildFile section */

/* Begin PBXContainerItemProxy section */
		F779C35B1E25E43E008BBB2A /* PBXContainerItemProxy */ = {
			isa = PBXContainerItemProxy;
			containerPortal = F779C33E1E25E43D008BBB2A /* Project object */;
			proxyType = 1;
			remoteGlobalIDString = F779C3451E25E43D008BBB2A;
			remoteInfo = BabylonHealthDemo;
		};
/* End PBXContainerItemProxy section */

/* Begin PBXFileReference section */
		0E258F6C38B2D49DA61D2F64 /* Pods_BabylonHealthDemo.framework */ = {isa = PBXFileReference; explicitFileType = wrapper.framework; includeInIndex = 0; path = Pods_BabylonHealthDemo.framework; sourceTree = BUILT_PRODUCTS_DIR; };
		823E43899E47E6E074491D8D /* Pods-BabylonHealthDemoTests.release.xcconfig */ = {isa = PBXFileReference; includeInIndex = 1; lastKnownFileType = text.xcconfig; name = "Pods-BabylonHealthDemoTests.release.xcconfig"; path = "Pods/Target Support Files/Pods-BabylonHealthDemoTests/Pods-BabylonHealthDemoTests.release.xcconfig"; sourceTree = "<group>"; };
		860BA1EEDF4E992C4C120E99 /* Pods_BabylonHealthDemoTests.framework */ = {isa = PBXFileReference; explicitFileType = wrapper.framework; includeInIndex = 0; path = Pods_BabylonHealthDemoTests.framework; sourceTree = BUILT_PRODUCTS_DIR; };
		A1EBB1DAE68A0ECBB96C9CBA /* Pods-BabylonHealthDemo.release.xcconfig */ = {isa = PBXFileReference; includeInIndex = 1; lastKnownFileType = text.xcconfig; name = "Pods-BabylonHealthDemo.release.xcconfig"; path = "Pods/Target Support Files/Pods-BabylonHealthDemo/Pods-BabylonHealthDemo.release.xcconfig"; sourceTree = "<group>"; };
		B462A1211E2683C100BC518D /* MockLoader.swift */ = {isa = PBXFileReference; fileEncoding = 4; lastKnownFileType = sourcecode.swift; path = MockLoader.swift; sourceTree = "<group>"; };
		B462A1291E26882B00BC518D /* Post.json */ = {isa = PBXFileReference; fileEncoding = 4; lastKnownFileType = text.json; path = Post.json; sourceTree = "<group>"; };
		B462A12B1E26886000BC518D /* PostSpec.swift */ = {isa = PBXFileReference; fileEncoding = 4; lastKnownFileType = sourcecode.swift; path = PostSpec.swift; sourceTree = "<group>"; };
		CCA4CE467B37E50E141612A2 /* Pods-BabylonHealthDemoTests.debug.xcconfig */ = {isa = PBXFileReference; includeInIndex = 1; lastKnownFileType = text.xcconfig; name = "Pods-BabylonHealthDemoTests.debug.xcconfig"; path = "Pods/Target Support Files/Pods-BabylonHealthDemoTests/Pods-BabylonHealthDemoTests.debug.xcconfig"; sourceTree = "<group>"; };
		EB0C14297169136FBCAA7E71 /* Pods-BabylonHealthDemo.debug.xcconfig */ = {isa = PBXFileReference; includeInIndex = 1; lastKnownFileType = text.xcconfig; name = "Pods-BabylonHealthDemo.debug.xcconfig"; path = "Pods/Target Support Files/Pods-BabylonHealthDemo/Pods-BabylonHealthDemo.debug.xcconfig"; sourceTree = "<group>"; };
		F709A87B1E25F3F600EBF35D /* BabylonAPIManager.swift */ = {isa = PBXFileReference; fileEncoding = 4; lastKnownFileType = sourcecode.swift; path = BabylonAPIManager.swift; sourceTree = "<group>"; };
		F709A87E1E26043A00EBF35D /* Post.swift */ = {isa = PBXFileReference; fileEncoding = 4; lastKnownFileType = sourcecode.swift; path = Post.swift; sourceTree = "<group>"; };
		F709A8811E2608DC00EBF35D /* User.swift */ = {isa = PBXFileReference; fileEncoding = 4; lastKnownFileType = sourcecode.swift; path = User.swift; sourceTree = "<group>"; };
		F709A8831E2609B200EBF35D /* Address.swift */ = {isa = PBXFileReference; fileEncoding = 4; lastKnownFileType = sourcecode.swift; path = Address.swift; sourceTree = "<group>"; };
		F709A8851E2609C000EBF35D /* Company.swift */ = {isa = PBXFileReference; fileEncoding = 4; lastKnownFileType = sourcecode.swift; path = Company.swift; sourceTree = "<group>"; };
		F709A8871E260A5800EBF35D /* Geo.swift */ = {isa = PBXFileReference; fileEncoding = 4; lastKnownFileType = sourcecode.swift; path = Geo.swift; sourceTree = "<group>"; };
		F709A8891E260C4000EBF35D /* ItemsTableViewDatasource.swift */ = {isa = PBXFileReference; fileEncoding = 4; lastKnownFileType = sourcecode.swift; path = ItemsTableViewDatasource.swift; sourceTree = "<group>"; };
		F709A88B1E260CB700EBF35D /* PostDatasource.swift */ = {isa = PBXFileReference; fileEncoding = 4; lastKnownFileType = sourcecode.swift; path = PostDatasource.swift; sourceTree = "<group>"; };
		F709A88D1E260D9200EBF35D /* PostCell.swift */ = {isa = PBXFileReference; fileEncoding = 4; lastKnownFileType = sourcecode.swift; path = PostCell.swift; sourceTree = "<group>"; };
		F709A88E1E260D9200EBF35D /* PostCell.xib */ = {isa = PBXFileReference; fileEncoding = 4; lastKnownFileType = file.xib; path = PostCell.xib; sourceTree = "<group>"; };
		F779C3461E25E43D008BBB2A /* BabylonHealthDemo.app */ = {isa = PBXFileReference; explicitFileType = wrapper.application; includeInIndex = 0; path = BabylonHealthDemo.app; sourceTree = BUILT_PRODUCTS_DIR; };
		F779C35A1E25E43E008BBB2A /* BabylonHealthDemoTests.xctest */ = {isa = PBXFileReference; explicitFileType = wrapper.cfbundle; includeInIndex = 0; path = BabylonHealthDemoTests.xctest; sourceTree = BUILT_PRODUCTS_DIR; };
		F779C3601E25E43E008BBB2A /* Info.plist */ = {isa = PBXFileReference; lastKnownFileType = text.plist.xml; path = Info.plist; sourceTree = "<group>"; };
		F779C36A1E25ECCF008BBB2A /* AppDelegate.swift */ = {isa = PBXFileReference; fileEncoding = 4; lastKnownFileType = sourcecode.swift; path = AppDelegate.swift; sourceTree = "<group>"; };
		F779C36F1E25ECCF008BBB2A /* Assets.xcassets */ = {isa = PBXFileReference; lastKnownFileType = folder.assetcatalog; path = Assets.xcassets; sourceTree = "<group>"; };
		F779C3711E25ECCF008BBB2A /* Base */ = {isa = PBXFileReference; lastKnownFileType = file.storyboard; name = Base; path = Base.lproj/LaunchScreen.storyboard; sourceTree = "<group>"; };
		F779C3731E25ECCF008BBB2A /* Base */ = {isa = PBXFileReference; lastKnownFileType = file.storyboard; name = Base; path = Base.lproj/Main.storyboard; sourceTree = "<group>"; };
		F779C3741E25ECCF008BBB2A /* Info.plist */ = {isa = PBXFileReference; fileEncoding = 4; lastKnownFileType = text.plist.xml; path = Info.plist; sourceTree = "<group>"; };
		F779C37A1E25ED9E008BBB2A /* BabylonAPI.swift */ = {isa = PBXFileReference; fileEncoding = 4; lastKnownFileType = sourcecode.swift; path = BabylonAPI.swift; sourceTree = "<group>"; };
		F7896B6C1E265C0000AC686B /* PostController.swift */ = {isa = PBXFileReference; fileEncoding = 4; lastKnownFileType = sourcecode.swift; path = PostController.swift; sourceTree = "<group>"; };
		F7B4B9D01E27547400EB6A18 /* PostDatasourcesSpec.swift */ = {isa = PBXFileReference; fileEncoding = 4; lastKnownFileType = sourcecode.swift; path = PostDatasourcesSpec.swift; sourceTree = "<group>"; };
		F7B4B9D61E27603100EB6A18 /* PostDetailController.swift */ = {isa = PBXFileReference; fileEncoding = 4; lastKnownFileType = sourcecode.swift; path = PostDetailController.swift; sourceTree = "<group>"; };
		F7B4B9DB1E27633000EB6A18 /* Storyboard.swift */ = {isa = PBXFileReference; fileEncoding = 4; lastKnownFileType = sourcecode.swift; path = Storyboard.swift; sourceTree = "<group>"; };
		F7B4B9DE1E27664600EB6A18 /* PostControllerSpec.swift */ = {isa = PBXFileReference; fileEncoding = 4; lastKnownFileType = sourcecode.swift; path = PostControllerSpec.swift; sourceTree = "<group>"; };
/* End PBXFileReference section */

/* Begin PBXFrameworksBuildPhase section */
		F779C3431E25E43D008BBB2A /* Frameworks */ = {
			isa = PBXFrameworksBuildPhase;
			buildActionMask = 2147483647;
			files = (
				20D87FC74268CBBE4AC23645 /* Pods_BabylonHealthDemo.framework in Frameworks */,
			);
			runOnlyForDeploymentPostprocessing = 0;
		};
		F779C3571E25E43E008BBB2A /* Frameworks */ = {
			isa = PBXFrameworksBuildPhase;
			buildActionMask = 2147483647;
			files = (
				D705271A8533131DD44FFA9A /* Pods_BabylonHealthDemoTests.framework in Frameworks */,
			);
			runOnlyForDeploymentPostprocessing = 0;
		};
/* End PBXFrameworksBuildPhase section */

/* Begin PBXGroup section */
		7AC98583F4122524238534D7 /* Frameworks */ = {
			isa = PBXGroup;
			children = (
				0E258F6C38B2D49DA61D2F64 /* Pods_BabylonHealthDemo.framework */,
				860BA1EEDF4E992C4C120E99 /* Pods_BabylonHealthDemoTests.framework */,
			);
			name = Frameworks;
			sourceTree = "<group>";
		};
		867F0B3B022911EA7D4AFE54 /* Pods */ = {
			isa = PBXGroup;
			children = (
				EB0C14297169136FBCAA7E71 /* Pods-BabylonHealthDemo.debug.xcconfig */,
				A1EBB1DAE68A0ECBB96C9CBA /* Pods-BabylonHealthDemo.release.xcconfig */,
				CCA4CE467B37E50E141612A2 /* Pods-BabylonHealthDemoTests.debug.xcconfig */,
				823E43899E47E6E074491D8D /* Pods-BabylonHealthDemoTests.release.xcconfig */,
			);
			name = Pods;
			sourceTree = "<group>";
		};
		B462A1201E2683AA00BC518D /* TestHelpers */ = {
			isa = PBXGroup;
			children = (
				B462A1211E2683C100BC518D /* MockLoader.swift */,
			);
			path = TestHelpers;
			sourceTree = "<group>";
		};
		B462A1231E26849F00BC518D /* Mocks */ = {
			isa = PBXGroup;
			children = (
				B462A1291E26882B00BC518D /* Post.json */,
			);
			path = Mocks;
			sourceTree = "<group>";
		};
		B462A1261E2685CF00BC518D /* Models */ = {
			isa = PBXGroup;
			children = (
				B462A12B1E26886000BC518D /* PostSpec.swift */,
			);
			path = Models;
			sourceTree = "<group>";
		};
		F709A87D1E26041100EBF35D /* Models */ = {
			isa = PBXGroup;
			children = (
				F709A87E1E26043A00EBF35D /* Post.swift */,
				F709A8811E2608DC00EBF35D /* User.swift */,
				F709A8831E2609B200EBF35D /* Address.swift */,
				F709A8851E2609C000EBF35D /* Company.swift */,
				F709A8871E260A5800EBF35D /* Geo.swift */,
			);
			path = Models;
			sourceTree = "<group>";
		};
		F709A8801E26073000EBF35D /* Datasources */ = {
			isa = PBXGroup;
			children = (
				F709A88B1E260CB700EBF35D /* PostDatasource.swift */,
				F709A8891E260C4000EBF35D /* ItemsTableViewDatasource.swift */,
			);
			path = Datasources;
			sourceTree = "<group>";
		};
		F779C33D1E25E43D008BBB2A = {
			isa = PBXGroup;
			children = (
				7AC98583F4122524238534D7 /* Frameworks */,
				F779C3481E25E43D008BBB2A /* BabylonHealthDemo */,
				F779C35D1E25E43E008BBB2A /* BabylonHealthDemoTests */,
				867F0B3B022911EA7D4AFE54 /* Pods */,
				F779C3471E25E43D008BBB2A /* Products */,
			);
			indentWidth = 2;
			sourceTree = "<group>";
			tabWidth = 2;
		};
		F779C3471E25E43D008BBB2A /* Products */ = {
			isa = PBXGroup;
			children = (
				F779C3461E25E43D008BBB2A /* BabylonHealthDemo.app */,
				F779C35A1E25E43E008BBB2A /* BabylonHealthDemoTests.xctest */,
			);
			name = Products;
			sourceTree = "<group>";
		};
		F779C3481E25E43D008BBB2A /* BabylonHealthDemo */ = {
			isa = PBXGroup;
			children = (
				F779C3691E25ECCF008BBB2A /* AppDelegate */,
				F779C36B1E25ECCF008BBB2A /* Cells */,
				F779C36C1E25ECCF008BBB2A /* Controllers */,
				F709A8801E26073000EBF35D /* Datasources */,
				F709A87D1E26041100EBF35D /* Models */,
				F779C36D1E25ECCF008BBB2A /* Network */,
				F779C36E1E25ECCF008BBB2A /* Resources */,
				F7B4B9DA1E27621B00EB6A18 /* Storyboards */,
			);
			path = BabylonHealthDemo;
			sourceTree = "<group>";
		};
		F779C35D1E25E43E008BBB2A /* BabylonHealthDemoTests */ = {
			isa = PBXGroup;
			children = (
				F7B4B9CF1E27544400EB6A18 /* Datasources */,
				F7B4B9DD1E27662900EB6A18 /* Controllers */,
				B462A1261E2685CF00BC518D /* Models */,
				B462A1201E2683AA00BC518D /* TestHelpers */,
				B462A1231E26849F00BC518D /* Mocks */,
				F779C3601E25E43E008BBB2A /* Info.plist */,
			);
			path = BabylonHealthDemoTests;
			sourceTree = "<group>";
		};
		F779C3691E25ECCF008BBB2A /* AppDelegate */ = {
			isa = PBXGroup;
			children = (
				F779C36A1E25ECCF008BBB2A /* AppDelegate.swift */,
			);
			path = AppDelegate;
			sourceTree = "<group>";
		};
		F779C36B1E25ECCF008BBB2A /* Cells */ = {
			isa = PBXGroup;
			children = (
				F709A88D1E260D9200EBF35D /* PostCell.swift */,
				F709A88E1E260D9200EBF35D /* PostCell.xib */,
			);
			path = Cells;
			sourceTree = "<group>";
		};
		F779C36C1E25ECCF008BBB2A /* Controllers */ = {
			isa = PBXGroup;
			children = (
				F7896B6C1E265C0000AC686B /* PostController.swift */,
				F7B4B9D61E27603100EB6A18 /* PostDetailController.swift */,
			);
			path = Controllers;
			sourceTree = "<group>";
		};
		F779C36D1E25ECCF008BBB2A /* Network */ = {
			isa = PBXGroup;
			children = (
				F779C37A1E25ED9E008BBB2A /* BabylonAPI.swift */,
				F709A87B1E25F3F600EBF35D /* BabylonAPIManager.swift */,
			);
			path = Network;
			sourceTree = "<group>";
		};
		F779C36E1E25ECCF008BBB2A /* Resources */ = {
			isa = PBXGroup;
			children = (
				F7B4B9DB1E27633000EB6A18 /* Storyboard.swift */,
				F779C36F1E25ECCF008BBB2A /* Assets.xcassets */,
				F779C3741E25ECCF008BBB2A /* Info.plist */,
			);
			path = Resources;
			sourceTree = "<group>";
		};
		F7B4B9CF1E27544400EB6A18 /* Datasources */ = {
			isa = PBXGroup;
			children = (
				F7B4B9D01E27547400EB6A18 /* PostDatasourcesSpec.swift */,
			);
			path = Datasources;
			sourceTree = "<group>";
		};
		F7B4B9DA1E27621B00EB6A18 /* Storyboards */ = {
			isa = PBXGroup;
			children = (
				F779C3701E25ECCF008BBB2A /* LaunchScreen.storyboard */,
				F779C3721E25ECCF008BBB2A /* Main.storyboard */,
			);
			path = Storyboards;
			sourceTree = "<group>";
		};
		F7B4B9DD1E27662900EB6A18 /* Controllers */ = {
			isa = PBXGroup;
			children = (
				F7B4B9DE1E27664600EB6A18 /* PostControllerSpec.swift */,
			);
			path = Controllers;
			sourceTree = "<group>";
		};
/* End PBXGroup section */

/* Begin PBXNativeTarget section */
		F779C3451E25E43D008BBB2A /* BabylonHealthDemo */ = {
			isa = PBXNativeTarget;
			buildConfigurationList = F779C3631E25E43E008BBB2A /* Build configuration list for PBXNativeTarget "BabylonHealthDemo" */;
			buildPhases = (
				D2C2EF32EA96F0AA2FA1FC2A /* [CP] Check Pods Manifest.lock */,
				F779C3421E25E43D008BBB2A /* Sources */,
				F779C3431E25E43D008BBB2A /* Frameworks */,
				F779C3441E25E43D008BBB2A /* Resources */,
				06AF948C9E5E567E50ACE28F /* [CP] Embed Pods Frameworks */,
				FCD5A23E094B0558820A0728 /* [CP] Copy Pods Resources */,
				F709A8911E26117A00EBF35D /* SwiftGen */,
			);
			buildRules = (
			);
			dependencies = (
			);
			name = BabylonHealthDemo;
			productName = BabylonHealthDemo;
			productReference = F779C3461E25E43D008BBB2A /* BabylonHealthDemo.app */;
			productType = "com.apple.product-type.application";
		};
		F779C3591E25E43E008BBB2A /* BabylonHealthDemoTests */ = {
			isa = PBXNativeTarget;
			buildConfigurationList = F779C3661E25E43E008BBB2A /* Build configuration list for PBXNativeTarget "BabylonHealthDemoTests" */;
			buildPhases = (
				BC04E455E22E1E7AA630C3F3 /* [CP] Check Pods Manifest.lock */,
				F779C3561E25E43E008BBB2A /* Sources */,
				F779C3571E25E43E008BBB2A /* Frameworks */,
				F779C3581E25E43E008BBB2A /* Resources */,
				63B0890D8A33DF71D50DA229 /* [CP] Embed Pods Frameworks */,
				C85057BE8FEEB3AEB830ADB6 /* [CP] Copy Pods Resources */,
			);
			buildRules = (
			);
			dependencies = (
				F779C35C1E25E43E008BBB2A /* PBXTargetDependency */,
			);
			name = BabylonHealthDemoTests;
			productName = BabylonHealthDemoTests;
			productReference = F779C35A1E25E43E008BBB2A /* BabylonHealthDemoTests.xctest */;
			productType = "com.apple.product-type.bundle.unit-test";
		};
/* End PBXNativeTarget section */

/* Begin PBXProject section */
		F779C33E1E25E43D008BBB2A /* Project object */ = {
			isa = PBXProject;
			attributes = {
				LastSwiftUpdateCheck = 0820;
				LastUpgradeCheck = 0820;
				ORGANIZATIONNAME = "Naeem Shaikh";
				TargetAttributes = {
					F779C3451E25E43D008BBB2A = {
						CreatedOnToolsVersion = 8.2.1;
						DevelopmentTeam = HQX3323RTU;
						ProvisioningStyle = Automatic;
					};
					F779C3591E25E43E008BBB2A = {
						CreatedOnToolsVersion = 8.2.1;
						ProvisioningStyle = Automatic;
						TestTargetID = F779C3451E25E43D008BBB2A;
					};
				};
			};
			buildConfigurationList = F779C3411E25E43D008BBB2A /* Build configuration list for PBXProject "BabylonHealthDemo" */;
			compatibilityVersion = "Xcode 3.2";
			developmentRegion = English;
			hasScannedForEncodings = 0;
			knownRegions = (
				en,
				Base,
			);
			mainGroup = F779C33D1E25E43D008BBB2A;
			productRefGroup = F779C3471E25E43D008BBB2A /* Products */;
			projectDirPath = "";
			projectRoot = "";
			targets = (
				F779C3451E25E43D008BBB2A /* BabylonHealthDemo */,
				F779C3591E25E43E008BBB2A /* BabylonHealthDemoTests */,
			);
		};
/* End PBXProject section */

/* Begin PBXResourcesBuildPhase section */
		F779C3441E25E43D008BBB2A /* Resources */ = {
			isa = PBXResourcesBuildPhase;
			buildActionMask = 2147483647;
			files = (
				F779C3781E25ECCF008BBB2A /* Main.storyboard in Resources */,
				F709A8901E260D9200EBF35D /* PostCell.xib in Resources */,
				F779C3761E25ECCF008BBB2A /* Assets.xcassets in Resources */,
				F779C3771E25ECCF008BBB2A /* LaunchScreen.storyboard in Resources */,
			);
			runOnlyForDeploymentPostprocessing = 0;
		};
		F779C3581E25E43E008BBB2A /* Resources */ = {
			isa = PBXResourcesBuildPhase;
			buildActionMask = 2147483647;
			files = (
				B462A12A1E26882B00BC518D /* Post.json in Resources */,
			);
			runOnlyForDeploymentPostprocessing = 0;
		};
/* End PBXResourcesBuildPhase section */

/* Begin PBXShellScriptBuildPhase section */
		06AF948C9E5E567E50ACE28F /* [CP] Embed Pods Frameworks */ = {
			isa = PBXShellScriptBuildPhase;
			buildActionMask = 2147483647;
			files = (
			);
			inputPaths = (
			);
			name = "[CP] Embed Pods Frameworks";
			outputPaths = (
			);
			runOnlyForDeploymentPostprocessing = 0;
			shellPath = /bin/sh;
			shellScript = "\"${SRCROOT}/Pods/Target Support Files/Pods-BabylonHealthDemo/Pods-BabylonHealthDemo-frameworks.sh\"\n";
			showEnvVarsInLog = 0;
		};
		63B0890D8A33DF71D50DA229 /* [CP] Embed Pods Frameworks */ = {
			isa = PBXShellScriptBuildPhase;
			buildActionMask = 2147483647;
			files = (
			);
			inputPaths = (
			);
			name = "[CP] Embed Pods Frameworks";
			outputPaths = (
			);
			runOnlyForDeploymentPostprocessing = 0;
			shellPath = /bin/sh;
			shellScript = "\"${SRCROOT}/Pods/Target Support Files/Pods-BabylonHealthDemoTests/Pods-BabylonHealthDemoTests-frameworks.sh\"\n";
			showEnvVarsInLog = 0;
		};
		BC04E455E22E1E7AA630C3F3 /* [CP] Check Pods Manifest.lock */ = {
			isa = PBXShellScriptBuildPhase;
			buildActionMask = 2147483647;
			files = (
			);
			inputPaths = (
			);
			name = "[CP] Check Pods Manifest.lock";
			outputPaths = (
			);
			runOnlyForDeploymentPostprocessing = 0;
			shellPath = /bin/sh;
			shellScript = "diff \"${PODS_ROOT}/../Podfile.lock\" \"${PODS_ROOT}/Manifest.lock\" > /dev/null\nif [ $? != 0 ] ; then\n    # print error to STDERR\n    echo \"error: The sandbox is not in sync with the Podfile.lock. Run 'pod install' or update your CocoaPods installation.\" >&2\n    exit 1\nfi\n";
			showEnvVarsInLog = 0;
		};
		C85057BE8FEEB3AEB830ADB6 /* [CP] Copy Pods Resources */ = {
			isa = PBXShellScriptBuildPhase;
			buildActionMask = 2147483647;
			files = (
			);
			inputPaths = (
			);
			name = "[CP] Copy Pods Resources";
			outputPaths = (
			);
			runOnlyForDeploymentPostprocessing = 0;
			shellPath = /bin/sh;
			shellScript = "\"${SRCROOT}/Pods/Target Support Files/Pods-BabylonHealthDemoTests/Pods-BabylonHealthDemoTests-resources.sh\"\n";
			showEnvVarsInLog = 0;
		};
		D2C2EF32EA96F0AA2FA1FC2A /* [CP] Check Pods Manifest.lock */ = {
			isa = PBXShellScriptBuildPhase;
			buildActionMask = 2147483647;
			files = (
			);
			inputPaths = (
			);
			name = "[CP] Check Pods Manifest.lock";
			outputPaths = (
			);
			runOnlyForDeploymentPostprocessing = 0;
			shellPath = /bin/sh;
			shellScript = "diff \"${PODS_ROOT}/../Podfile.lock\" \"${PODS_ROOT}/Manifest.lock\" > /dev/null\nif [ $? != 0 ] ; then\n    # print error to STDERR\n    echo \"error: The sandbox is not in sync with the Podfile.lock. Run 'pod install' or update your CocoaPods installation.\" >&2\n    exit 1\nfi\n";
			showEnvVarsInLog = 0;
		};
		F709A8911E26117A00EBF35D /* SwiftGen */ = {
			isa = PBXShellScriptBuildPhase;
			buildActionMask = 2147483647;
			files = (
			);
			inputPaths = (
			);
			name = SwiftGen;
			outputPaths = (
			);
			runOnlyForDeploymentPostprocessing = 0;
			shellPath = /bin/sh;
			shellScript = "$PODS_ROOT/SwiftGen/bin/swiftgen storyboards -t swift3 $SOURCE_ROOT --output $SOURCE_ROOT/BabylonHealthDemo/Resources/Storyboard.swift --sceneEnumName Storyboard";
		};
		FCD5A23E094B0558820A0728 /* [CP] Copy Pods Resources */ = {
			isa = PBXShellScriptBuildPhase;
			buildActionMask = 2147483647;
			files = (
			);
			inputPaths = (
			);
			name = "[CP] Copy Pods Resources";
			outputPaths = (
			);
			runOnlyForDeploymentPostprocessing = 0;
			shellPath = /bin/sh;
			shellScript = "\"${SRCROOT}/Pods/Target Support Files/Pods-BabylonHealthDemo/Pods-BabylonHealthDemo-resources.sh\"\n";
			showEnvVarsInLog = 0;
		};
/* End PBXShellScriptBuildPhase section */

/* Begin PBXSourcesBuildPhase section */
		F779C3421E25E43D008BBB2A /* Sources */ = {
			isa = PBXSourcesBuildPhase;
			buildActionMask = 2147483647;
			files = (
				F709A8841E2609B200EBF35D /* Address.swift in Sources */,
				F779C37B1E25ED9E008BBB2A /* BabylonAPI.swift in Sources */,
				F709A87C1E25F3F600EBF35D /* BabylonAPIManager.swift in Sources */,
				F779C3751E25ECCF008BBB2A /* AppDelegate.swift in Sources */,
				F709A8861E2609C000EBF35D /* Company.swift in Sources */,
				F709A8821E2608DC00EBF35D /* User.swift in Sources */,
				F709A88C1E260CB700EBF35D /* PostDatasource.swift in Sources */,
				F709A87F1E26043A00EBF35D /* Post.swift in Sources */,
				F7896B6D1E265C0000AC686B /* PostController.swift in Sources */,
				F709A88F1E260D9200EBF35D /* PostCell.swift in Sources */,
				F7B4B9DC1E27633000EB6A18 /* Storyboard.swift in Sources */,
				F709A88A1E260C4000EBF35D /* ItemsTableViewDatasource.swift in Sources */,
				F7B4B9D71E27603100EB6A18 /* PostDetailController.swift in Sources */,
				F709A8881E260A5800EBF35D /* Geo.swift in Sources */,
			);
			runOnlyForDeploymentPostprocessing = 0;
		};
		F779C3561E25E43E008BBB2A /* Sources */ = {
			isa = PBXSourcesBuildPhase;
			buildActionMask = 2147483647;
			files = (
				F7B4B9DF1E27664600EB6A18 /* PostControllerSpec.swift in Sources */,
				B462A1221E2683C100BC518D /* MockLoader.swift in Sources */,
				B462A12C1E26886000BC518D /* PostSpec.swift in Sources */,
				F7B4B9D11E27547400EB6A18 /* PostDatasourcesSpec.swift in Sources */,
			);
			runOnlyForDeploymentPostprocessing = 0;
		};
/* End PBXSourcesBuildPhase section */

/* Begin PBXTargetDependency section */
		F779C35C1E25E43E008BBB2A /* PBXTargetDependency */ = {
			isa = PBXTargetDependency;
			target = F779C3451E25E43D008BBB2A /* BabylonHealthDemo */;
			targetProxy = F779C35B1E25E43E008BBB2A /* PBXContainerItemProxy */;
		};
/* End PBXTargetDependency section */

/* Begin PBXVariantGroup section */
		F779C3701E25ECCF008BBB2A /* LaunchScreen.storyboard */ = {
			isa = PBXVariantGroup;
			children = (
				F779C3711E25ECCF008BBB2A /* Base */,
			);
			name = LaunchScreen.storyboard;
			path = ../Resources;
			sourceTree = "<group>";
		};
		F779C3721E25ECCF008BBB2A /* Main.storyboard */ = {
			isa = PBXVariantGroup;
			children = (
				F779C3731E25ECCF008BBB2A /* Base */,
			);
			name = Main.storyboard;
			path = ../Resources;
			sourceTree = "<group>";
		};
/* End PBXVariantGroup section */

/* Begin XCBuildConfiguration section */
		F779C3611E25E43E008BBB2A /* Debug */ = {
			isa = XCBuildConfiguration;
			buildSettings = {
				ALWAYS_SEARCH_USER_PATHS = NO;
				CLANG_ANALYZER_NONNULL = YES;
				CLANG_CXX_LANGUAGE_STANDARD = "gnu++0x";
				CLANG_CXX_LIBRARY = "libc++";
				CLANG_ENABLE_MODULES = YES;
				CLANG_ENABLE_OBJC_ARC = YES;
				CLANG_WARN_BOOL_CONVERSION = YES;
				CLANG_WARN_CONSTANT_CONVERSION = YES;
				CLANG_WARN_DIRECT_OBJC_ISA_USAGE = YES_ERROR;
				CLANG_WARN_DOCUMENTATION_COMMENTS = YES;
				CLANG_WARN_EMPTY_BODY = YES;
				CLANG_WARN_ENUM_CONVERSION = YES;
				CLANG_WARN_INFINITE_RECURSION = YES;
				CLANG_WARN_INT_CONVERSION = YES;
				CLANG_WARN_OBJC_ROOT_CLASS = YES_ERROR;
				CLANG_WARN_SUSPICIOUS_MOVE = YES;
				CLANG_WARN_UNREACHABLE_CODE = YES;
				CLANG_WARN__DUPLICATE_METHOD_MATCH = YES;
				"CODE_SIGN_IDENTITY[sdk=iphoneos*]" = "iPhone Developer";
				COPY_PHASE_STRIP = NO;
				DEBUG_INFORMATION_FORMAT = dwarf;
				ENABLE_STRICT_OBJC_MSGSEND = YES;
				ENABLE_TESTABILITY = YES;
				GCC_C_LANGUAGE_STANDARD = gnu99;
				GCC_DYNAMIC_NO_PIC = NO;
				GCC_NO_COMMON_BLOCKS = YES;
				GCC_OPTIMIZATION_LEVEL = 0;
				GCC_PREPROCESSOR_DEFINITIONS = (
					"DEBUG=1",
					"$(inherited)",
				);
				GCC_WARN_64_TO_32_BIT_CONVERSION = YES;
				GCC_WARN_ABOUT_RETURN_TYPE = YES_ERROR;
				GCC_WARN_UNDECLARED_SELECTOR = YES;
				GCC_WARN_UNINITIALIZED_AUTOS = YES_AGGRESSIVE;
				GCC_WARN_UNUSED_FUNCTION = YES;
				GCC_WARN_UNUSED_VARIABLE = YES;
				IPHONEOS_DEPLOYMENT_TARGET = 10.2;
				MTL_ENABLE_DEBUG_INFO = YES;
				ONLY_ACTIVE_ARCH = YES;
				SDKROOT = iphoneos;
				SWIFT_ACTIVE_COMPILATION_CONDITIONS = DEBUG;
				SWIFT_OPTIMIZATION_LEVEL = "-Onone";
				TARGETED_DEVICE_FAMILY = "1,2";
			};
			name = Debug;
		};
		F779C3621E25E43E008BBB2A /* Release */ = {
			isa = XCBuildConfiguration;
			buildSettings = {
				ALWAYS_SEARCH_USER_PATHS = NO;
				CLANG_ANALYZER_NONNULL = YES;
				CLANG_CXX_LANGUAGE_STANDARD = "gnu++0x";
				CLANG_CXX_LIBRARY = "libc++";
				CLANG_ENABLE_MODULES = YES;
				CLANG_ENABLE_OBJC_ARC = YES;
				CLANG_WARN_BOOL_CONVERSION = YES;
				CLANG_WARN_CONSTANT_CONVERSION = YES;
				CLANG_WARN_DIRECT_OBJC_ISA_USAGE = YES_ERROR;
				CLANG_WARN_DOCUMENTATION_COMMENTS = YES;
				CLANG_WARN_EMPTY_BODY = YES;
				CLANG_WARN_ENUM_CONVERSION = YES;
				CLANG_WARN_INFINITE_RECURSION = YES;
				CLANG_WARN_INT_CONVERSION = YES;
				CLANG_WARN_OBJC_ROOT_CLASS = YES_ERROR;
				CLANG_WARN_SUSPICIOUS_MOVE = YES;
				CLANG_WARN_UNREACHABLE_CODE = YES;
				CLANG_WARN__DUPLICATE_METHOD_MATCH = YES;
				"CODE_SIGN_IDENTITY[sdk=iphoneos*]" = "iPhone Developer";
				COPY_PHASE_STRIP = NO;
				DEBUG_INFORMATION_FORMAT = "dwarf-with-dsym";
				ENABLE_NS_ASSERTIONS = NO;
				ENABLE_STRICT_OBJC_MSGSEND = YES;
				GCC_C_LANGUAGE_STANDARD = gnu99;
				GCC_NO_COMMON_BLOCKS = YES;
				GCC_WARN_64_TO_32_BIT_CONVERSION = YES;
				GCC_WARN_ABOUT_RETURN_TYPE = YES_ERROR;
				GCC_WARN_UNDECLARED_SELECTOR = YES;
				GCC_WARN_UNINITIALIZED_AUTOS = YES_AGGRESSIVE;
				GCC_WARN_UNUSED_FUNCTION = YES;
				GCC_WARN_UNUSED_VARIABLE = YES;
				IPHONEOS_DEPLOYMENT_TARGET = 10.2;
				MTL_ENABLE_DEBUG_INFO = NO;
				SDKROOT = iphoneos;
				SWIFT_OPTIMIZATION_LEVEL = "-Owholemodule";
				TARGETED_DEVICE_FAMILY = "1,2";
				VALIDATE_PRODUCT = YES;
			};
			name = Release;
		};
		F779C3641E25E43E008BBB2A /* Debug */ = {
			isa = XCBuildConfiguration;
			baseConfigurationReference = EB0C14297169136FBCAA7E71 /* Pods-BabylonHealthDemo.debug.xcconfig */;
			buildSettings = {
				ALWAYS_EMBED_SWIFT_STANDARD_LIBRARIES = YES;
				ASSETCATALOG_COMPILER_APPICON_NAME = AppIcon;
				CODE_SIGN_IDENTITY = "iPhone Developer: naeemshaikh90@yahoo.co.in (7U892L9Z49)";
				"CODE_SIGN_IDENTITY[sdk=iphoneos*]" = "iPhone Developer";
				DEVELOPMENT_TEAM = HQX3323RTU;
				INFOPLIST_FILE = "$(SRCROOT)/BabylonHealthDemo/Resources/Info.plist";
				LD_RUNPATH_SEARCH_PATHS = "$(inherited) @executable_path/Frameworks";
				PRODUCT_BUNDLE_IDENTIFIER = com.naeem.BabylonHealthDemo;
				PRODUCT_NAME = "$(TARGET_NAME)";
				SWIFT_VERSION = 3.0;
			};
			name = Debug;
		};
		F779C3651E25E43E008BBB2A /* Release */ = {
			isa = XCBuildConfiguration;
			baseConfigurationReference = A1EBB1DAE68A0ECBB96C9CBA /* Pods-BabylonHealthDemo.release.xcconfig */;
			buildSettings = {
				ALWAYS_EMBED_SWIFT_STANDARD_LIBRARIES = YES;
				ASSETCATALOG_COMPILER_APPICON_NAME = AppIcon;
				CODE_SIGN_IDENTITY = "iPhone Developer: naeemshaikh90@yahoo.co.in (7U892L9Z49)";
				"CODE_SIGN_IDENTITY[sdk=iphoneos*]" = "iPhone Developer";
				DEVELOPMENT_TEAM = HQX3323RTU;
				INFOPLIST_FILE = "$(SRCROOT)/BabylonHealthDemo/Resources/Info.plist";
				LD_RUNPATH_SEARCH_PATHS = "$(inherited) @executable_path/Frameworks";
				PRODUCT_BUNDLE_IDENTIFIER = com.naeem.BabylonHealthDemo;
				PRODUCT_NAME = "$(TARGET_NAME)";
				SWIFT_VERSION = 3.0;
			};
			name = Release;
		};
		F779C3671E25E43E008BBB2A /* Debug */ = {
			isa = XCBuildConfiguration;
			baseConfigurationReference = CCA4CE467B37E50E141612A2 /* Pods-BabylonHealthDemoTests.debug.xcconfig */;
			buildSettings = {
				ALWAYS_EMBED_SWIFT_STANDARD_LIBRARIES = YES;
				BUNDLE_LOADER = "$(TEST_HOST)";
				INFOPLIST_FILE = BabylonHealthDemoTests/Info.plist;
				LD_RUNPATH_SEARCH_PATHS = "$(inherited) @executable_path/Frameworks @loader_path/Frameworks";
				PRODUCT_BUNDLE_IDENTIFIER = com.naeem.BabylonHealthDemoTests;
				PRODUCT_NAME = "$(TARGET_NAME)";
				SWIFT_VERSION = 3.0;
				TEST_HOST = "$(BUILT_PRODUCTS_DIR)/BabylonHealthDemo.app/BabylonHealthDemo";
			};
			name = Debug;
		};
		F779C3681E25E43E008BBB2A /* Release */ = {
			isa = XCBuildConfiguration;
			baseConfigurationReference = 823E43899E47E6E074491D8D /* Pods-BabylonHealthDemoTests.release.xcconfig */;
			buildSettings = {
				ALWAYS_EMBED_SWIFT_STANDARD_LIBRARIES = YES;
				BUNDLE_LOADER = "$(TEST_HOST)";
				INFOPLIST_FILE = BabylonHealthDemoTests/Info.plist;
				LD_RUNPATH_SEARCH_PATHS = "$(inherited) @executable_path/Frameworks @loader_path/Frameworks";
				PRODUCT_BUNDLE_IDENTIFIER = com.naeem.BabylonHealthDemoTests;
				PRODUCT_NAME = "$(TARGET_NAME)";
				SWIFT_VERSION = 3.0;
				TEST_HOST = "$(BUILT_PRODUCTS_DIR)/BabylonHealthDemo.app/BabylonHealthDemo";
			};
			name = Release;
		};
/* End XCBuildConfiguration section */

/* Begin XCConfigurationList section */
		F779C3411E25E43D008BBB2A /* Build configuration list for PBXProject "BabylonHealthDemo" */ = {
			isa = XCConfigurationList;
			buildConfigurations = (
				F779C3611E25E43E008BBB2A /* Debug */,
				F779C3621E25E43E008BBB2A /* Release */,
			);
			defaultConfigurationIsVisible = 0;
			defaultConfigurationName = Release;
		};
		F779C3631E25E43E008BBB2A /* Build configuration list for PBXNativeTarget "BabylonHealthDemo" */ = {
			isa = XCConfigurationList;
			buildConfigurations = (
				F779C3641E25E43E008BBB2A /* Debug */,
				F779C3651E25E43E008BBB2A /* Release */,
			);
			defaultConfigurationIsVisible = 0;
			defaultConfigurationName = Release;
		};
		F779C3661E25E43E008BBB2A /* Build configuration list for PBXNativeTarget "BabylonHealthDemoTests" */ = {
			isa = XCConfigurationList;
			buildConfigurations = (
				F779C3671E25E43E008BBB2A /* Debug */,
				F779C3681E25E43E008BBB2A /* Release */,
			);
			defaultConfigurationIsVisible = 0;
			defaultConfigurationName = Release;
		};
/* End XCConfigurationList section */
	};
	rootObject = F779C33E1E25E43D008BBB2A /* Project object */;
}
